# THIS IS AN AUTOGENERATED FILE. DO NOT EDIT THIS FILE DIRECTLY.
# yarn lockfile v1


"@ckeditor/ckeditor5-adapter-ckfinder@^28.0.0":
  version "28.0.0"
  resolved "https://registry.yarnpkg.com/@ckeditor/ckeditor5-adapter-ckfinder/-/ckeditor5-adapter-ckfinder-28.0.0.tgz#0d8ce410460058cf8bf2052d0022d24073629a99"
  integrity sha512-HigpvWPPdJyWJu8xr4igQ2jq7siKD8ZYnhenD2/n0CWG2Ns+WPn5uba74c6MIqqyMHJsYl/uy9fM9qwoRtaocQ==
  dependencies:
    ckeditor5 "^28.0.0"

"@ckeditor/ckeditor5-autoformat@^28.0.0":
  version "28.0.0"
  resolved "https://registry.yarnpkg.com/@ckeditor/ckeditor5-autoformat/-/ckeditor5-autoformat-28.0.0.tgz#4b8bab533855f2401c8c5c7cad9cdc9e0894b762"
  integrity sha512-c41cg7cHXl3shBBHmS2Egvm5gC25d7ml+CjwdqGE4HL+VUom9gej8gxV4whTilBVVgyrECwbFJhbw+1Rm2KhOQ==
  dependencies:
    ckeditor5 "^28.0.0"

"@ckeditor/ckeditor5-basic-styles@^28.0.0":
  version "28.0.0"
  resolved "https://registry.yarnpkg.com/@ckeditor/ckeditor5-basic-styles/-/ckeditor5-basic-styles-28.0.0.tgz#183f98d686a20f27cc53fc8526706c03d7053577"
  integrity sha512-ms7zDY0I7Sx0j8n4hSsBaxAHK7FcDrB5JtqkxS3VPD7pV84Ut/n6Og+l3BT44GQMkG/0v3uT+UEbjfS2dmM7ow==
  dependencies:
    ckeditor5 "^28.0.0"

"@ckeditor/ckeditor5-block-quote@^28.0.0":
  version "28.0.0"
  resolved "https://registry.yarnpkg.com/@ckeditor/ckeditor5-block-quote/-/ckeditor5-block-quote-28.0.0.tgz#b801c73e80ef85f73b68dfb75d44a2a01b4c335e"
  integrity sha512-C52eh4RbWccM1eouyqZSHX2YeVLZCKNDuyTuYH2h8arSLnrxLNAsDHYh85VcNp2PhVdn2qMzWBtB2i6SBeyIyQ==
  dependencies:
    ckeditor5 "^28.0.0"

"@ckeditor/ckeditor5-build-classic@^28.0.0":
  version "28.0.0"
  resolved "https://registry.yarnpkg.com/@ckeditor/ckeditor5-build-classic/-/ckeditor5-build-classic-28.0.0.tgz#cf42a70cb7946c0f4f3e6ee81d164677564fa8a5"
  integrity sha512-VgOGAMC9/47HZTgA4vnzhYfNCYRYzukXuS873B0gQ9cenP13CnYzwa1y9H/Przo4r5sYUPsNsLCG1i5eM58JWg==
  dependencies:
    "@ckeditor/ckeditor5-adapter-ckfinder" "^28.0.0"
    "@ckeditor/ckeditor5-autoformat" "^28.0.0"
    "@ckeditor/ckeditor5-basic-styles" "^28.0.0"
    "@ckeditor/ckeditor5-block-quote" "^28.0.0"
    "@ckeditor/ckeditor5-ckfinder" "^28.0.0"
    "@ckeditor/ckeditor5-cloud-services" "^28.0.0"
    "@ckeditor/ckeditor5-easy-image" "^28.0.0"
    "@ckeditor/ckeditor5-editor-classic" "^28.0.0"
    "@ckeditor/ckeditor5-essentials" "^28.0.0"
    "@ckeditor/ckeditor5-heading" "^28.0.0"
    "@ckeditor/ckeditor5-image" "^28.0.0"
    "@ckeditor/ckeditor5-indent" "^28.0.0"
    "@ckeditor/ckeditor5-link" "^28.0.0"
    "@ckeditor/ckeditor5-list" "^28.0.0"
    "@ckeditor/ckeditor5-media-embed" "^28.0.0"
    "@ckeditor/ckeditor5-paragraph" "^28.0.0"
    "@ckeditor/ckeditor5-paste-from-office" "^28.0.0"
    "@ckeditor/ckeditor5-table" "^28.0.0"
    "@ckeditor/ckeditor5-typing" "^28.0.0"

"@ckeditor/ckeditor5-ckfinder@^28.0.0":
  version "28.0.0"
  resolved "https://registry.yarnpkg.com/@ckeditor/ckeditor5-ckfinder/-/ckeditor5-ckfinder-28.0.0.tgz#e9b0e404d218ca10b9d4521a41f83cacc771501c"
  integrity sha512-2AVO9lEbIfPlfh3El32wdWLc+kwil63/waI3fiXfbjqrErXH+fxmHaiZUizsR36meGDMxA9sUZc7wtwrAVtfog==
  dependencies:
    ckeditor5 "^28.0.0"

"@ckeditor/ckeditor5-clipboard@^28.0.0":
  version "28.0.0"
  resolved "https://registry.yarnpkg.com/@ckeditor/ckeditor5-clipboard/-/ckeditor5-clipboard-28.0.0.tgz#a21bd5ff4645e9e3e72af582419407708826afb9"
  integrity sha512-6GMxTeQGwrnSdolRvfYL2NCmOz4VMuyzkYAbNuug6UVVdIhukk4u65UjThvj18dNqK4d58DCJg2X3hg9PN3VjQ==
  dependencies:
    "@ckeditor/ckeditor5-core" "^28.0.0"
    "@ckeditor/ckeditor5-engine" "^28.0.0"
    "@ckeditor/ckeditor5-utils" "^28.0.0"
    "@ckeditor/ckeditor5-widget" "^28.0.0"
    lodash-es "^4.17.11"

"@ckeditor/ckeditor5-cloud-services@^28.0.0":
  version "28.0.0"
  resolved "https://registry.yarnpkg.com/@ckeditor/ckeditor5-cloud-services/-/ckeditor5-cloud-services-28.0.0.tgz#c2430a9e355cefe46ed730e0bc0622eeaad2204b"
  integrity sha512-2XYxNkWf285ToEWyhSsEeLb0H4pu/7mV6lHwpPgtVQVrKENLM1Jy8SSDHD71t7Zhlt2zCZ5nMs4iGjTxmR+a6g==
  dependencies:
    ckeditor5 "^28.0.0"

"@ckeditor/ckeditor5-core@^28.0.0":
  version "28.0.0"
  resolved "https://registry.yarnpkg.com/@ckeditor/ckeditor5-core/-/ckeditor5-core-28.0.0.tgz#b5d4972ad8757181838db6d4a01a94715f939f14"
  integrity sha512-uUPT/GC82x+c3CdDvbT6SyAeF8Yuc8enRmIWxmQYsivY4Tp8epaRWhI76qjQkyd2/cyj9L0LzdvQ2sf5VNwQSA==
  dependencies:
    "@ckeditor/ckeditor5-engine" "^28.0.0"
    "@ckeditor/ckeditor5-ui" "^28.0.0"
    "@ckeditor/ckeditor5-utils" "^28.0.0"
    lodash-es "^4.17.15"

"@ckeditor/ckeditor5-easy-image@^28.0.0":
  version "28.0.0"
  resolved "https://registry.yarnpkg.com/@ckeditor/ckeditor5-easy-image/-/ckeditor5-easy-image-28.0.0.tgz#f1ffcbcd0a22250c43184e576b9e609fef29287d"
  integrity sha512-v/QYt2eRxnmeYbOlKCJ/GJl25o1G+XRtrpVViOJ8HCmwkttUeRDO/+aM0QxJSB6OuJxQjFqCeDRHVHWLUDaxoQ==
  dependencies:
    ckeditor5 "^28.0.0"

"@ckeditor/ckeditor5-editor-classic@^28.0.0":
  version "28.0.0"
  resolved "https://registry.yarnpkg.com/@ckeditor/ckeditor5-editor-classic/-/ckeditor5-editor-classic-28.0.0.tgz#cb4aea4985ea377192f2548a502c5b1d3e539a51"
  integrity sha512-HtmIi3CPyCH/eNqhXZa6UhVel0rOESXQQ19KK+M28Iws1dth2rRY0IsMeko0OcrKuuh0xipio83QxZ3zRGvaiw==
  dependencies:
    ckeditor5 "^28.0.0"
    lodash-es "^4.17.15"

"@ckeditor/ckeditor5-engine@^28.0.0":
  version "28.0.0"
  resolved "https://registry.yarnpkg.com/@ckeditor/ckeditor5-engine/-/ckeditor5-engine-28.0.0.tgz#1de791b5d9c5d040a9468fd246ac2f165276ec72"
  integrity sha512-XTw33NCS531HDiVKlkmrgu2Jkeum4j+iqKKdGmPnt1T6qKVIFaXn0S31xNSIBLUJioeIoN3Tg9Y4WmJwQtiVEw==
  dependencies:
    "@ckeditor/ckeditor5-utils" "^28.0.0"
    lodash-es "^4.17.15"

"@ckeditor/ckeditor5-enter@^28.0.0":
  version "28.0.0"
  resolved "https://registry.yarnpkg.com/@ckeditor/ckeditor5-enter/-/ckeditor5-enter-28.0.0.tgz#ccf0dd03fb31910ec06869b1d1ac16b5f29c623b"
  integrity sha512-SnvryPNHHGbC+j4pForWrHlU8SMYbTrBDgFNssEHwXS2v28NmLKZ+LGE9FVG3VAvF5yZmgVCxT3AtThdRYRjlQ==
  dependencies:
    "@ckeditor/ckeditor5-core" "^28.0.0"
    "@ckeditor/ckeditor5-engine" "^28.0.0"
    "@ckeditor/ckeditor5-utils" "^28.0.0"

"@ckeditor/ckeditor5-essentials@^28.0.0":
  version "28.0.0"
  resolved "https://registry.yarnpkg.com/@ckeditor/ckeditor5-essentials/-/ckeditor5-essentials-28.0.0.tgz#281cd1c502ed6d8468e6f0ddb12eeeece820e9cf"
  integrity sha512-6AJ4ajVQzKLSdF3f9U8uff6/s51z7SmLqjvnYmN38ED9vKcrd0vluCK7wbdMT9vo9p8c/2udiF7n8qwbOE1yVA==
  dependencies:
    ckeditor5 "^28.0.0"

"@ckeditor/ckeditor5-heading@^28.0.0":
  version "28.0.0"
  resolved "https://registry.yarnpkg.com/@ckeditor/ckeditor5-heading/-/ckeditor5-heading-28.0.0.tgz#38bcfd1a3a7ea5e484e05580e3e53c7ca61e9cd2"
  integrity sha512-CNTwtDE+7zle3Ttq41w4xbg09lcCxM/uMyHm/yXYCb0QKDxd8GoNOjVMowS0gqUzrMi8BNvBl3vocnB7fWOOBQ==
  dependencies:
    ckeditor5 "^28.0.0"

"@ckeditor/ckeditor5-image@^28.0.0":
  version "28.0.0"
  resolved "https://registry.yarnpkg.com/@ckeditor/ckeditor5-image/-/ckeditor5-image-28.0.0.tgz#d2ee1461b9f50b46e317f3709afcf44955379e3a"
  integrity sha512-EVQluVua6XE7KwftpfCvm8y/+g1ldzvnBwEBtzzf1qi9msYVD80+xVV3gcxV/edsjFlIvKOTnIpB2J7oH5K3Dw==
  dependencies:
    "@ckeditor/ckeditor5-ui" "^28.0.0"
    ckeditor5 "^28.0.0"

"@ckeditor/ckeditor5-indent@^28.0.0":
  version "28.0.0"
  resolved "https://registry.yarnpkg.com/@ckeditor/ckeditor5-indent/-/ckeditor5-indent-28.0.0.tgz#8ee3aee4db97a071142e3c3287bb7cb375ad8d7d"
  integrity sha512-iiHmdkr6pV+xwpa90O8ieb5Noc3U0YB86GLDMylfYOZBm7Kwxjvuaygf7CcTts4pMUvXkcujLO0X3Tl/M5M4wg==
  dependencies:
    ckeditor5 "^28.0.0"

"@ckeditor/ckeditor5-link@^28.0.0":
  version "28.0.0"
  resolved "https://registry.yarnpkg.com/@ckeditor/ckeditor5-link/-/ckeditor5-link-28.0.0.tgz#058a09c1815317359ff4ab93869c42202a8fbe9e"
  integrity sha512-dNk4g+vk3DBxwd68l/lNwqfWDIvHjqdssCxv9ihOWBU60sIhugqdBMroW4jNSWQiPDc0W/SBuNly1NOTB+Hkgw==
  dependencies:
    "@ckeditor/ckeditor5-ui" "^28.0.0"
    ckeditor5 "^28.0.0"
    lodash-es "^4.17.15"

"@ckeditor/ckeditor5-list@^28.0.0":
  version "28.0.0"
  resolved "https://registry.yarnpkg.com/@ckeditor/ckeditor5-list/-/ckeditor5-list-28.0.0.tgz#19f1a11a3430ace5b62b6b1326a7c50afba87ead"
  integrity sha512-I6nH/P6e+grkwziV+6t+T2/BeDJAx9WJsFIw1rd7ZFVogxnS4hMxpe14QHI/0yjxl/aSc87XwphmFittLp/ooA==
  dependencies:
    ckeditor5 "^28.0.0"

"@ckeditor/ckeditor5-media-embed@^28.0.0":
  version "28.0.0"
  resolved "https://registry.yarnpkg.com/@ckeditor/ckeditor5-media-embed/-/ckeditor5-media-embed-28.0.0.tgz#27216a2784ca4a03818dd5470370044ac6b75c86"
  integrity sha512-RRcuVyEla9dBqE2+5lzZMbo3C2a1bUP+xSOhKcB+Uw7vlYOlFflQdTHwIdZTnQAXnVdQFy8thIsH2TNWgvV9+A==
  dependencies:
    "@ckeditor/ckeditor5-ui" "^28.0.0"
    ckeditor5 "^28.0.0"

"@ckeditor/ckeditor5-paragraph@^28.0.0":
  version "28.0.0"
  resolved "https://registry.yarnpkg.com/@ckeditor/ckeditor5-paragraph/-/ckeditor5-paragraph-28.0.0.tgz#5315f90d26a91428787da7819b6e051c345c3385"
  integrity sha512-tLKtgkzhTYteoOSThPJRsMGVD4dqTtguXEKEdKJdnFcgiU8iBf8vNOenFmc2kUPSU8DeVa1Mj9VgsofKa1fsfg==
  dependencies:
    "@ckeditor/ckeditor5-core" "^28.0.0"
    "@ckeditor/ckeditor5-ui" "^28.0.0"
    "@ckeditor/ckeditor5-utils" "^28.0.0"

"@ckeditor/ckeditor5-paste-from-office@^28.0.0":
  version "28.0.0"
  resolved "https://registry.yarnpkg.com/@ckeditor/ckeditor5-paste-from-office/-/ckeditor5-paste-from-office-28.0.0.tgz#504f5cd5f9e84392f9cc776897859d6a49b83766"
  integrity sha512-7hyESrgm71IeilymDDOnJg+fkLUcVsHIh9YnmAaW8JUwiyGLi6kmVQSFfqYJ/MZNe5Yoi5AyS50Ni+tecdQFkA==
  dependencies:
    ckeditor5 "^28.0.0"

"@ckeditor/ckeditor5-react@^3.0.2":
  version "3.0.2"
  resolved "https://registry.yarnpkg.com/@ckeditor/ckeditor5-react/-/ckeditor5-react-3.0.2.tgz#257466959cf5c6e16ed3dd3afe860e4c177dd156"
  integrity sha512-hOAREzVUp8dwE8vV8qgxIGBOJzaxCm8N2aEhtbCq6QZbGLW9dckdfGKVmbtgEnCQgueVXEUqfDyUIXM6LtXDHA==
  dependencies:
    prop-types "^15.7.2"

"@ckeditor/ckeditor5-select-all@^28.0.0":
  version "28.0.0"
  resolved "https://registry.yarnpkg.com/@ckeditor/ckeditor5-select-all/-/ckeditor5-select-all-28.0.0.tgz#79f31a50ba0739f880187dba4c76c68cf84b160c"
  integrity sha512-U5MUGcaOrnTD/WrJa169EowIHMmiHaGsnXd+wkxNJ2xorqXajFxr1zWP4UFKQFoPJ0+ENp+5oOYjOJSadIus5Q==
  dependencies:
    "@ckeditor/ckeditor5-core" "^28.0.0"
    "@ckeditor/ckeditor5-ui" "^28.0.0"
    "@ckeditor/ckeditor5-utils" "^28.0.0"

"@ckeditor/ckeditor5-table@^28.0.0":
  version "28.0.0"
  resolved "https://registry.yarnpkg.com/@ckeditor/ckeditor5-table/-/ckeditor5-table-28.0.0.tgz#b147ac0e7449013f39072f5662d242fa4c6fe858"
  integrity sha512-CEcDjAF61qcbcQz2eRlOwCCnGO+OIroZAjnFNPrxYKZ5m5Fu4/35atsjGEsxS7zVUXXf6E7w1rwkEra0wxtIVg==
  dependencies:
    ckeditor5 "^28.0.0"
    lodash-es "^4.17.15"

"@ckeditor/ckeditor5-typing@^28.0.0":
  version "28.0.0"
  resolved "https://registry.yarnpkg.com/@ckeditor/ckeditor5-typing/-/ckeditor5-typing-28.0.0.tgz#735e7b16e29303d26f06be4f7c542507b8e52f9d"
  integrity sha512-LB5S0hZCnlOYeNDoZhyshsipUlCK2cLVW1gk9fLHixETrERBufMEtEFJjr8hoFFaBbPLG1G5hGoLa8WIeDS/MA==
  dependencies:
    "@ckeditor/ckeditor5-core" "^28.0.0"
    "@ckeditor/ckeditor5-engine" "^28.0.0"
    "@ckeditor/ckeditor5-utils" "^28.0.0"
    lodash-es "^4.17.15"

"@ckeditor/ckeditor5-ui@^28.0.0":
  version "28.0.0"
  resolved "https://registry.yarnpkg.com/@ckeditor/ckeditor5-ui/-/ckeditor5-ui-28.0.0.tgz#3d6270bbb59174ee4a2e35445c99d79be0bda918"
  integrity sha512-lPG/yx9DEkOt98TxIuUFkWbGsb73jGMA9BmiQ5jwHkQTbDh3W6gaNDTsxG+MOG3sbTJH+4S+4jYk35B6sjtZqw==
  dependencies:
    "@ckeditor/ckeditor5-utils" "^28.0.0"
    ckeditor5 "^28.0.0"
    lodash-es "^4.17.15"

"@ckeditor/ckeditor5-undo@^28.0.0":
  version "28.0.0"
  resolved "https://registry.yarnpkg.com/@ckeditor/ckeditor5-undo/-/ckeditor5-undo-28.0.0.tgz#62ae7234a1179b807b9ab248dd4d74afb07eac51"
  integrity sha512-aIQSm4qunN2m0nLO0N5tGnyN8rurU1Ogl75PTY0NwbSXNJMDLgUziPE0O/G7S+3n0CipQaasNJySk5bEoCrMbg==
  dependencies:
    "@ckeditor/ckeditor5-core" "^28.0.0"
    "@ckeditor/ckeditor5-engine" "^28.0.0"
    "@ckeditor/ckeditor5-ui" "^28.0.0"

"@ckeditor/ckeditor5-upload@^28.0.0":
  version "28.0.0"
  resolved "https://registry.yarnpkg.com/@ckeditor/ckeditor5-upload/-/ckeditor5-upload-28.0.0.tgz#138f4ec1190d1a17536bd9957c1857deb3b357f8"
  integrity sha512-1tzQeep+Mw31G6ISsj2E02iyGEmIConaDhPvKRZGJxskUO3Yx5BJewSMemJK1i/62YFnrci1r3hjDZR9PCqUlQ==
  dependencies:
    "@ckeditor/ckeditor5-core" "^28.0.0"
    "@ckeditor/ckeditor5-ui" "^28.0.0"
    "@ckeditor/ckeditor5-utils" "^28.0.0"

"@ckeditor/ckeditor5-utils@^28.0.0":
  version "28.0.0"
  resolved "https://registry.yarnpkg.com/@ckeditor/ckeditor5-utils/-/ckeditor5-utils-28.0.0.tgz#0de67812e21aa2f462693444f754f92ce099995c"
  integrity sha512-hENpbxMPZtC+UfcBeZxc44+RQYBTBZruDIC+ycUZ5c6RQKQdAWeDDU0t3OyFAnvaMg64NlYgVAej17R2se7ycQ==
  dependencies:
    lodash-es "^4.17.15"

"@ckeditor/ckeditor5-widget@^28.0.0":
  version "28.0.0"
  resolved "https://registry.yarnpkg.com/@ckeditor/ckeditor5-widget/-/ckeditor5-widget-28.0.0.tgz#318c5f7598982a5f6b3a4f3f981e4bb868be82b5"
  integrity sha512-zfIdzthSCMAceIVECd2BiGc94lMUQ//ClGAW8KjBqGKIT3XQAkCNL+aeQFHAVc6LCuOqoSPAtaDB7hmivP/1SQ==
  dependencies:
    "@ckeditor/ckeditor5-core" "^28.0.0"
    "@ckeditor/ckeditor5-engine" "^28.0.0"
    "@ckeditor/ckeditor5-enter" "^28.0.0"
    "@ckeditor/ckeditor5-typing" "^28.0.0"
    "@ckeditor/ckeditor5-ui" "^28.0.0"
    "@ckeditor/ckeditor5-utils" "^28.0.0"
    lodash-es "^4.17.15"

ckeditor5@^28.0.0:
  version "28.0.0"
  resolved "https://registry.yarnpkg.com/ckeditor5/-/ckeditor5-28.0.0.tgz#b42bb19ced17d3cff47e36b7244e4158b6f6ecb4"
  integrity sha512-88dGpRV5X732rvsBv22GgVc87uAH8TwPh5SjZG6e1kqvbYldMZQlQcamm+FiVk+5ARtYZyx5HXvN2jc+XUtH4A==
  dependencies:
    "@ckeditor/ckeditor5-clipboard" "^28.0.0"
    "@ckeditor/ckeditor5-core" "^28.0.0"
    "@ckeditor/ckeditor5-engine" "^28.0.0"
    "@ckeditor/ckeditor5-enter" "^28.0.0"
    "@ckeditor/ckeditor5-paragraph" "^28.0.0"
    "@ckeditor/ckeditor5-select-all" "^28.0.0"
    "@ckeditor/ckeditor5-typing" "^28.0.0"
    "@ckeditor/ckeditor5-ui" "^28.0.0"
    "@ckeditor/ckeditor5-undo" "^28.0.0"
    "@ckeditor/ckeditor5-upload" "^28.0.0"
    "@ckeditor/ckeditor5-utils" "^28.0.0"
    "@ckeditor/ckeditor5-widget" "^28.0.0"

"js-tokens@^3.0.0 || ^4.0.0":
  version "4.0.0"
  resolved "https://registry.yarnpkg.com/js-tokens/-/js-tokens-4.0.0.tgz#19203fb59991df98e3a287050d4647cdeaf32499"
  integrity sha512-RdJUflcE3cUzKiMqQgsCu06FPu9UdIJO0beYbPhHN4k6apgJtifcoCtT9bcxOpYBtpD2kCM6Sbzg4CausW/PKQ==

lodash-es@^4.17.11, lodash-es@^4.17.15:
  version "4.17.21"
  resolved "https://registry.yarnpkg.com/lodash-es/-/lodash-es-4.17.21.tgz#43e626c46e6591b7750beb2b50117390c609e3ee"
  integrity sha512-mKnC+QJ9pWVzv+C4/U3rRsHapFfHvQFoFB92e52xeyGMcX6/OlIl78je1u8vePzYZSkkogMPJ2yjxxsb89cxyw==

loose-envify@^1.4.0:
  version "1.4.0"
  resolved "https://registry.yarnpkg.com/loose-envify/-/loose-envify-1.4.0.tgz#71ee51fa7be4caec1a63839f7e682d8132d30caf"
  integrity sha512-lyuxPGr/Wfhrlem2CL/UcnUc1zcqKAImBDzukY7Y5F/yQiNdko6+fRLevlw1HgMySw7f611UIY408EtxRSoK3Q==
  dependencies:
    js-tokens "^3.0.0 || ^4.0.0"

object-assign@^4.1.1:
  version "4.1.1"
  resolved "https://registry.yarnpkg.com/object-assign/-/object-assign-4.1.1.tgz#2109adc7965887cfc05cbbd442cac8bfbb360863"
  integrity sha1-IQmtx5ZYh8/AXLvUQsrIv7s2CGM=

prop-types@^15.7.2:
  version "15.7.2"
  resolved "https://registry.yarnpkg.com/prop-types/-/prop-types-15.7.2.tgz#52c41e75b8c87e72b9d9360e0206b99dcbffa6c5"
  integrity sha512-8QQikdH7//R2vurIJSutZ1smHYTcLpRWEOlHnzcWHmBYrOGUysKwSsrC89BCiFj3CbrfJ/nXFdJepOVrY1GCHQ==
  dependencies:
    loose-envify "^1.4.0"
    object-assign "^4.1.1"
    react-is "^16.8.1"

react-is@^16.8.1:
  version "16.13.1"
  resolved "https://registry.yarnpkg.com/react-is/-/react-is-16.13.1.tgz#789729a4dc36de2999dc156dd6c1d9c18cea56a4"
  integrity sha512-24e6ynE2H+OKt4kqsOvNd8kBpV65zoxbA4BVsEOB3ARVWQki/DHzaUoC5KuON/BiccDaCCTZBuOcfZs70kR8bQ==
